// !$*UTF8*$!
{
	archiveVersion = 1;
	classes = {
	};
	objectVersion = 56;
	objects = {

/* Begin PBXBuildFile section */
		3F0D5CEB2BE323C00016B24A /* RegularSubscribeViewController.swift in Sources */ = {isa = PBXBuildFile; fileRef = 3F0D5CEA2BE323C00016B24A /* RegularSubscribeViewController.swift */; };
		3F6BB3C42BE3747500F33522 /* AddRegularSubscribeViewController.swift in Sources */ = {isa = PBXBuildFile; fileRef = 3F6BB3C32BE3747500F33522 /* AddRegularSubscribeViewController.swift */; };
		3F6BB3C72BE3859C00F33522 /* RegularCollectionViewCell.swift in Sources */ = {isa = PBXBuildFile; fileRef = 3F6BB3C62BE3859C00F33522 /* RegularCollectionViewCell.swift */; };
		3F6BB3CD2BE4E76D00F33522 /* HistoryViewController.swift in Sources */ = {isa = PBXBuildFile; fileRef = 3F6BB3CC2BE4E76D00F33522 /* HistoryViewController.swift */; };
		3F6BB3CF2BE4E86800F33522 /* HistoryCollectionViewCell.swift in Sources */ = {isa = PBXBuildFile; fileRef = 3F6BB3CE2BE4E86800F33522 /* HistoryCollectionViewCell.swift */; };
		3F6BB3D12BEB0E8300F33522 /* Extension.swift in Sources */ = {isa = PBXBuildFile; fileRef = 3F6BB3D02BEB0E8300F33522 /* Extension.swift */; };
		3F70EBE72BC8C51F00A0DD79 /* AppDelegate.swift in Sources */ = {isa = PBXBuildFile; fileRef = 3F70EBE62BC8C51F00A0DD79 /* AppDelegate.swift */; };
		3F70EBE92BC8C51F00A0DD79 /* SceneDelegate.swift in Sources */ = {isa = PBXBuildFile; fileRef = 3F70EBE82BC8C51F00A0DD79 /* SceneDelegate.swift */; };
		3F70EBEB2BC8C51F00A0DD79 /* ViewController.swift in Sources */ = {isa = PBXBuildFile; fileRef = 3F70EBEA2BC8C51F00A0DD79 /* ViewController.swift */; };
		3F70EBEE2BC8C51F00A0DD79 /* Main.storyboard in Resources */ = {isa = PBXBuildFile; fileRef = 3F70EBEC2BC8C51F00A0DD79 /* Main.storyboard */; };
		3F70EBF02BC8C52000A0DD79 /* Assets.xcassets in Resources */ = {isa = PBXBuildFile; fileRef = 3F70EBEF2BC8C52000A0DD79 /* Assets.xcassets */; };
		3F70EBF32BC8C52000A0DD79 /* LaunchScreen.storyboard in Resources */ = {isa = PBXBuildFile; fileRef = 3F70EBF12BC8C52000A0DD79 /* LaunchScreen.storyboard */; };
		3F70EBFD2BC90D9700A0DD79 /* RegisterViewController.swift in Sources */ = {isa = PBXBuildFile; fileRef = 3F70EBFC2BC90D9700A0DD79 /* RegisterViewController.swift */; };
		3F70EC002BCF5A2900A0DD79 /* MainViewController.swift in Sources */ = {isa = PBXBuildFile; fileRef = 3F70EBFF2BCF5A2900A0DD79 /* MainViewController.swift */; };
		3F70EC022BCF631600A0DD79 /* ProfileViewController.swift in Sources */ = {isa = PBXBuildFile; fileRef = 3F70EC012BCF631600A0DD79 /* ProfileViewController.swift */; };
		3F70EC072BCFACA800A0DD79 /* StatememtListCell.swift in Sources */ = {isa = PBXBuildFile; fileRef = 3F70EC062BCFACA800A0DD79 /* StatememtListCell.swift */; };
		3F70EC092BCFAEB600A0DD79 /* StatementDateCell.swift in Sources */ = {isa = PBXBuildFile; fileRef = 3F70EC082BCFAEB600A0DD79 /* StatementDateCell.swift */; };
		3F70EC0B2BD0C24300A0DD79 /* AddStatementViewController.swift in Sources */ = {isa = PBXBuildFile; fileRef = 3F70EC0A2BD0C24300A0DD79 /* AddStatementViewController.swift */; };
		3F8B7BFB2BD2446300432EEA /* DataModel.swift in Sources */ = {isa = PBXBuildFile; fileRef = 3F8B7BFA2BD2446300432EEA /* DataModel.swift */; };
		3F8B7BFE2BD5F97000432EEA /* StatementCategoryCell.swift in Sources */ = {isa = PBXBuildFile; fileRef = 3F8B7BFD2BD5F97000432EEA /* StatementCategoryCell.swift */; };
		3F8B7C002BD7891300432EEA /* CategoryViewController.swift in Sources */ = {isa = PBXBuildFile; fileRef = 3F8B7BFF2BD7891300432EEA /* CategoryViewController.swift */; };
		3F8B7C022BDF44A000432EEA /* AddCategoryViewController.swift in Sources */ = {isa = PBXBuildFile; fileRef = 3F8B7C012BDF44A000432EEA /* AddCategoryViewController.swift */; };
/* End PBXBuildFile section */

/* Begin PBXFileReference section */
		3F0D5CEA2BE323C00016B24A /* RegularSubscribeViewController.swift */ = {isa = PBXFileReference; lastKnownFileType = sourcecode.swift; path = RegularSubscribeViewController.swift; sourceTree = "<group>"; };
		3F6BB3C32BE3747500F33522 /* AddRegularSubscribeViewController.swift */ = {isa = PBXFileReference; lastKnownFileType = sourcecode.swift; path = AddRegularSubscribeViewController.swift; sourceTree = "<group>"; };
		3F6BB3C62BE3859C00F33522 /* RegularCollectionViewCell.swift */ = {isa = PBXFileReference; lastKnownFileType = sourcecode.swift; path = RegularCollectionViewCell.swift; sourceTree = "<group>"; };
		3F6BB3CC2BE4E76D00F33522 /* HistoryViewController.swift */ = {isa = PBXFileReference; lastKnownFileType = sourcecode.swift; path = HistoryViewController.swift; sourceTree = "<group>"; };
		3F6BB3CE2BE4E86800F33522 /* HistoryCollectionViewCell.swift */ = {isa = PBXFileReference; lastKnownFileType = sourcecode.swift; path = HistoryCollectionViewCell.swift; sourceTree = "<group>"; };
		3F6BB3D02BEB0E8300F33522 /* Extension.swift */ = {isa = PBXFileReference; lastKnownFileType = sourcecode.swift; path = Extension.swift; sourceTree = "<group>"; };
		3F70EBE32BC8C51F00A0DD79 /* MyMoney.app */ = {isa = PBXFileReference; explicitFileType = wrapper.application; includeInIndex = 0; path = MyMoney.app; sourceTree = BUILT_PRODUCTS_DIR; };
		3F70EBE62BC8C51F00A0DD79 /* AppDelegate.swift */ = {isa = PBXFileReference; lastKnownFileType = sourcecode.swift; path = AppDelegate.swift; sourceTree = "<group>"; };
		3F70EBE82BC8C51F00A0DD79 /* SceneDelegate.swift */ = {isa = PBXFileReference; lastKnownFileType = sourcecode.swift; path = SceneDelegate.swift; sourceTree = "<group>"; };
		3F70EBEA2BC8C51F00A0DD79 /* ViewController.swift */ = {isa = PBXFileReference; lastKnownFileType = sourcecode.swift; path = ViewController.swift; sourceTree = "<group>"; };
		3F70EBED2BC8C51F00A0DD79 /* Base */ = {isa = PBXFileReference; lastKnownFileType = file.storyboard; name = Base; path = Base.lproj/Main.storyboard; sourceTree = "<group>"; };
		3F70EBEF2BC8C52000A0DD79 /* Assets.xcassets */ = {isa = PBXFileReference; lastKnownFileType = folder.assetcatalog; path = Assets.xcassets; sourceTree = "<group>"; };
		3F70EBF22BC8C52000A0DD79 /* Base */ = {isa = PBXFileReference; lastKnownFileType = file.storyboard; name = Base; path = Base.lproj/LaunchScreen.storyboard; sourceTree = "<group>"; };
		3F70EBF42BC8C52000A0DD79 /* Info.plist */ = {isa = PBXFileReference; lastKnownFileType = text.plist.xml; path = Info.plist; sourceTree = "<group>"; };
		3F70EBFC2BC90D9700A0DD79 /* RegisterViewController.swift */ = {isa = PBXFileReference; lastKnownFileType = sourcecode.swift; path = RegisterViewController.swift; sourceTree = "<group>"; };
		3F70EBFF2BCF5A2900A0DD79 /* MainViewController.swift */ = {isa = PBXFileReference; lastKnownFileType = sourcecode.swift; path = MainViewController.swift; sourceTree = "<group>"; };
		3F70EC012BCF631600A0DD79 /* ProfileViewController.swift */ = {isa = PBXFileReference; lastKnownFileType = sourcecode.swift; path = ProfileViewController.swift; sourceTree = "<group>"; };
		3F70EC062BCFACA800A0DD79 /* StatememtListCell.swift */ = {isa = PBXFileReference; lastKnownFileType = sourcecode.swift; path = StatememtListCell.swift; sourceTree = "<group>"; };
		3F70EC082BCFAEB600A0DD79 /* StatementDateCell.swift */ = {isa = PBXFileReference; lastKnownFileType = sourcecode.swift; path = StatementDateCell.swift; sourceTree = "<group>"; };
		3F70EC0A2BD0C24300A0DD79 /* AddStatementViewController.swift */ = {isa = PBXFileReference; lastKnownFileType = sourcecode.swift; path = AddStatementViewController.swift; sourceTree = "<group>"; };
		3F8B7BFA2BD2446300432EEA /* DataModel.swift */ = {isa = PBXFileReference; lastKnownFileType = sourcecode.swift; path = DataModel.swift; sourceTree = "<group>"; };
		3F8B7BFD2BD5F97000432EEA /* StatementCategoryCell.swift */ = {isa = PBXFileReference; lastKnownFileType = sourcecode.swift; path = StatementCategoryCell.swift; sourceTree = "<group>"; };
		3F8B7BFF2BD7891300432EEA /* CategoryViewController.swift */ = {isa = PBXFileReference; lastKnownFileType = sourcecode.swift; path = CategoryViewController.swift; sourceTree = "<group>"; };
		3F8B7C012BDF44A000432EEA /* AddCategoryViewController.swift */ = {isa = PBXFileReference; lastKnownFileType = sourcecode.swift; path = AddCategoryViewController.swift; sourceTree = "<group>"; };
/* End PBXFileReference section */

/* Begin PBXFrameworksBuildPhase section */
		3F70EBE02BC8C51F00A0DD79 /* Frameworks */ = {
			isa = PBXFrameworksBuildPhase;
			buildActionMask = 2147483647;
			files = (
			);
			runOnlyForDeploymentPostprocessing = 0;
		};
/* End PBXFrameworksBuildPhase section */

/* Begin PBXGroup section */
		3F0D5CEE2BE329B40016B24A /* MainView */ = {
			isa = PBXGroup;
			children = (
				3F70EBFF2BCF5A2900A0DD79 /* MainViewController.swift */,
				3F70EC082BCFAEB600A0DD79 /* StatementDateCell.swift */,
				3F70EC062BCFACA800A0DD79 /* StatememtListCell.swift */,
			);
			path = MainView;
			sourceTree = "<group>";
		};
		3F0D5CEF2BE329FF0016B24A /* NavigationView */ = {
			isa = PBXGroup;
			children = (
				3F0D5CF12BE32A5B0016B24A /* AddStatementView */,
			);
			path = NavigationView;
			sourceTree = "<group>";
		};
		3F0D5CF02BE32A1C0016B24A /* Login&Regis */ = {
			isa = PBXGroup;
			children = (
				3F70EBEA2BC8C51F00A0DD79 /* ViewController.swift */,
				3F70EBFC2BC90D9700A0DD79 /* RegisterViewController.swift */,
			);
			path = "Login&Regis";
			sourceTree = "<group>";
		};
		3F0D5CF12BE32A5B0016B24A /* AddStatementView */ = {
			isa = PBXGroup;
			children = (
				3F70EC0A2BD0C24300A0DD79 /* AddStatementViewController.swift */,
				3F8B7BFD2BD5F97000432EEA /* StatementCategoryCell.swift */,
			);
			path = AddStatementView;
			sourceTree = "<group>";
		};
		3F6BB3C52BE3747E00F33522 /* Regular */ = {
			isa = PBXGroup;
			children = (
				3F6BB3C92BE4970300F33522 /* AddRegular */,
				3F6BB3C82BE496F000F33522 /* RegularSubscribe */,
			);
			path = Regular;
			sourceTree = "<group>";
		};
		3F6BB3C82BE496F000F33522 /* RegularSubscribe */ = {
			isa = PBXGroup;
			children = (
				3F6BB3C62BE3859C00F33522 /* RegularCollectionViewCell.swift */,
				3F0D5CEA2BE323C00016B24A /* RegularSubscribeViewController.swift */,
			);
			path = RegularSubscribe;
			sourceTree = "<group>";
		};
		3F6BB3C92BE4970300F33522 /* AddRegular */ = {
			isa = PBXGroup;
			children = (
				3F6BB3C32BE3747500F33522 /* AddRegularSubscribeViewController.swift */,
			);
			path = AddRegular;
			sourceTree = "<group>";
		};
		3F70EBDA2BC8C51F00A0DD79 = {
			isa = PBXGroup;
			children = (
				3F70EBE52BC8C51F00A0DD79 /* MyMoney */,
				3F70EBE42BC8C51F00A0DD79 /* Products */,
			);
			sourceTree = "<group>";
		};
		3F70EBE42BC8C51F00A0DD79 /* Products */ = {
			isa = PBXGroup;
			children = (
				3F70EBE32BC8C51F00A0DD79 /* MyMoney.app */,
			);
			name = Products;
			sourceTree = "<group>";
		};
		3F70EBE52BC8C51F00A0DD79 /* MyMoney */ = {
			isa = PBXGroup;
			children = (
				3F6BB3C52BE3747E00F33522 /* Regular */,
				3F0D5CF02BE32A1C0016B24A /* Login&Regis */,
				3F8B7BFC2BD2446800432EEA /* Model */,
				3F70EBFE2BCF59C500A0DD79 /* TabBarNavigationView */,
				3F0D5CEF2BE329FF0016B24A /* NavigationView */,
				3F70EBE62BC8C51F00A0DD79 /* AppDelegate.swift */,
				3F70EBE82BC8C51F00A0DD79 /* SceneDelegate.swift */,
				3F70EBEC2BC8C51F00A0DD79 /* Main.storyboard */,
				3F70EBEF2BC8C52000A0DD79 /* Assets.xcassets */,
				3F70EBF12BC8C52000A0DD79 /* LaunchScreen.storyboard */,
				3F70EBF42BC8C52000A0DD79 /* Info.plist */,
				3F8B7BFF2BD7891300432EEA /* CategoryViewController.swift */,
				3F8B7C012BDF44A000432EEA /* AddCategoryViewController.swift */,
				3F6BB3CC2BE4E76D00F33522 /* HistoryViewController.swift */,
				3F6BB3CE2BE4E86800F33522 /* HistoryCollectionViewCell.swift */,
				3F6BB3D02BEB0E8300F33522 /* Extension.swift */,
			);
			path = MyMoney;
			sourceTree = "<group>";
		};
		3F70EBFE2BCF59C500A0DD79 /* TabBarNavigationView */ = {
			isa = PBXGroup;
			children = (
				3F0D5CEE2BE329B40016B24A /* MainView */,
				3F70EC012BCF631600A0DD79 /* ProfileViewController.swift */,
			);
			path = TabBarNavigationView;
			sourceTree = "<group>";
		};
		3F8B7BFC2BD2446800432EEA /* Model */ = {
			isa = PBXGroup;
			children = (
				3F8B7BFA2BD2446300432EEA /* DataModel.swift */,
			);
			path = Model;
			sourceTree = "<group>";
		};
/* End PBXGroup section */

/* Begin PBXNativeTarget section */
		3F70EBE22BC8C51F00A0DD79 /* MyMoney */ = {
			isa = PBXNativeTarget;
			buildConfigurationList = 3F70EBF72BC8C52000A0DD79 /* Build configuration list for PBXNativeTarget "MyMoney" */;
			buildPhases = (
				3F70EBDF2BC8C51F00A0DD79 /* Sources */,
				3F70EBE02BC8C51F00A0DD79 /* Frameworks */,
				3F70EBE12BC8C51F00A0DD79 /* Resources */,
			);
			buildRules = (
			);
			dependencies = (
			);
			name = MyMoney;
			productName = MyMoney;
			productReference = 3F70EBE32BC8C51F00A0DD79 /* MyMoney.app */;
			productType = "com.apple.product-type.application";
		};
/* End PBXNativeTarget section */

/* Begin PBXProject section */
		3F70EBDB2BC8C51F00A0DD79 /* Project object */ = {
			isa = PBXProject;
			attributes = {
				BuildIndependentTargetsInParallel = 1;
				LastSwiftUpdateCheck = 1510;
				LastUpgradeCheck = 1510;
				TargetAttributes = {
					3F70EBE22BC8C51F00A0DD79 = {
						CreatedOnToolsVersion = 15.1;
					};
				};
			};
			buildConfigurationList = 3F70EBDE2BC8C51F00A0DD79 /* Build configuration list for PBXProject "MyMoney" */;
			compatibilityVersion = "Xcode 14.0";
			developmentRegion = en;
			hasScannedForEncodings = 0;
			knownRegions = (
				en,
				Base,
			);
			mainGroup = 3F70EBDA2BC8C51F00A0DD79;
			productRefGroup = 3F70EBE42BC8C51F00A0DD79 /* Products */;
			projectDirPath = "";
			projectRoot = "";
			targets = (
				3F70EBE22BC8C51F00A0DD79 /* MyMoney */,
			);
		};
/* End PBXProject section */

/* Begin PBXResourcesBuildPhase section */
		3F70EBE12BC8C51F00A0DD79 /* Resources */ = {
			isa = PBXResourcesBuildPhase;
			buildActionMask = 2147483647;
			files = (
				3F70EBF32BC8C52000A0DD79 /* LaunchScreen.storyboard in Resources */,
				3F70EBF02BC8C52000A0DD79 /* Assets.xcassets in Resources */,
				3F70EBEE2BC8C51F00A0DD79 /* Main.storyboard in Resources */,
			);
			runOnlyForDeploymentPostprocessing = 0;
		};
/* End PBXResourcesBuildPhase section */

/* Begin PBXSourcesBuildPhase section */
		3F70EBDF2BC8C51F00A0DD79 /* Sources */ = {
			isa = PBXSourcesBuildPhase;
			buildActionMask = 2147483647;
			files = (
				3F70EC022BCF631600A0DD79 /* ProfileViewController.swift in Sources */,
				3F70EC072BCFACA800A0DD79 /* StatememtListCell.swift in Sources */,
				3F6BB3C72BE3859C00F33522 /* RegularCollectionViewCell.swift in Sources */,
				3F70EBEB2BC8C51F00A0DD79 /* ViewController.swift in Sources */,
				3F8B7BFE2BD5F97000432EEA /* StatementCategoryCell.swift in Sources */,
				3F6BB3CF2BE4E86800F33522 /* HistoryCollectionViewCell.swift in Sources */,
				3F8B7C002BD7891300432EEA /* CategoryViewController.swift in Sources */,
				3F70EBE72BC8C51F00A0DD79 /* AppDelegate.swift in Sources */,
				3F8B7C022BDF44A000432EEA /* AddCategoryViewController.swift in Sources */,
				3F70EC0B2BD0C24300A0DD79 /* AddStatementViewController.swift in Sources */,
				3F0D5CEB2BE323C00016B24A /* RegularSubscribeViewController.swift in Sources */,
				3F70EBE92BC8C51F00A0DD79 /* SceneDelegate.swift in Sources */,
				3F70EC092BCFAEB600A0DD79 /* StatementDateCell.swift in Sources */,
				3F6BB3D12BEB0E8300F33522 /* Extension.swift in Sources */,
				3F70EBFD2BC90D9700A0DD79 /* RegisterViewController.swift in Sources */,
				3F8B7BFB2BD2446300432EEA /* DataModel.swift in Sources */,
				3F6BB3C42BE3747500F33522 /* AddRegularSubscribeViewController.swift in Sources */,
				3F6BB3CD2BE4E76D00F33522 /* HistoryViewController.swift in Sources */,
				3F70EC002BCF5A2900A0DD79 /* MainViewController.swift in Sources */,
			);
			runOnlyForDeploymentPostprocessing = 0;
		};
/* End PBXSourcesBuildPhase section */

/* Begin PBXVariantGroup section */
		3F70EBEC2BC8C51F00A0DD79 /* Main.storyboard */ = {
			isa = PBXVariantGroup;
			children = (
				3F70EBED2BC8C51F00A0DD79 /* Base */,
			);
			name = Main.storyboard;
			sourceTree = "<group>";
		};
		3F70EBF12BC8C52000A0DD79 /* LaunchScreen.storyboard */ = {
			isa = PBXVariantGroup;
			children = (
				3F70EBF22BC8C52000A0DD79 /* Base */,
			);
			name = LaunchScreen.storyboard;
			sourceTree = "<group>";
		};
/* End PBXVariantGroup section */

/* Begin XCBuildConfiguration section */
		3F70EBF52BC8C52000A0DD79 /* Debug */ = {
			isa = XCBuildConfiguration;
			buildSettings = {
				ALWAYS_SEARCH_USER_PATHS = NO;
				ASSETCATALOG_COMPILER_GENERATE_SWIFT_ASSET_SYMBOL_EXTENSIONS = YES;
				CLANG_ANALYZER_NONNULL = YES;
				CLANG_ANALYZER_NUMBER_OBJECT_CONVERSION = YES_AGGRESSIVE;
				CLANG_CXX_LANGUAGE_STANDARD = "gnu++20";
				CLANG_ENABLE_MODULES = YES;
				CLANG_ENABLE_OBJC_ARC = YES;
				CLANG_ENABLE_OBJC_WEAK = YES;
				CLANG_WARN_BLOCK_CAPTURE_AUTORELEASING = YES;
				CLANG_WARN_BOOL_CONVERSION = YES;
				CLANG_WARN_COMMA = YES;
				CLANG_WARN_CONSTANT_CONVERSION = YES;
				CLANG_WARN_DEPRECATED_OBJC_IMPLEMENTATIONS = YES;
				CLANG_WARN_DIRECT_OBJC_ISA_USAGE = YES_ERROR;
				CLANG_WARN_DOCUMENTATION_COMMENTS = YES;
				CLANG_WARN_EMPTY_BODY = YES;
				CLANG_WARN_ENUM_CONVERSION = YES;
				CLANG_WARN_INFINITE_RECURSION = YES;
				CLANG_WARN_INT_CONVERSION = YES;
				CLANG_WARN_NON_LITERAL_NULL_CONVERSION = YES;
				CLANG_WARN_OBJC_IMPLICIT_RETAIN_SELF = YES;
				CLANG_WARN_OBJC_LITERAL_CONVERSION = YES;
				CLANG_WARN_OBJC_ROOT_CLASS = YES_ERROR;
				CLANG_WARN_QUOTED_INCLUDE_IN_FRAMEWORK_HEADER = YES;
				CLANG_WARN_RANGE_LOOP_ANALYSIS = YES;
				CLANG_WARN_STRICT_PROTOTYPES = YES;
				CLANG_WARN_SUSPICIOUS_MOVE = YES;
				CLANG_WARN_UNGUARDED_AVAILABILITY = YES_AGGRESSIVE;
				CLANG_WARN_UNREACHABLE_CODE = YES;
				CLANG_WARN__DUPLICATE_METHOD_MATCH = YES;
				COPY_PHASE_STRIP = NO;
				DEBUG_INFORMATION_FORMAT = dwarf;
				ENABLE_STRICT_OBJC_MSGSEND = YES;
				ENABLE_TESTABILITY = YES;
				ENABLE_USER_SCRIPT_SANDBOXING = YES;
				GCC_C_LANGUAGE_STANDARD = gnu17;
				GCC_DYNAMIC_NO_PIC = NO;
				GCC_NO_COMMON_BLOCKS = YES;
				GCC_OPTIMIZATION_LEVEL = 0;
				GCC_PREPROCESSOR_DEFINITIONS = (
					"DEBUG=1",
					"$(inherited)",
				);
				GCC_WARN_64_TO_32_BIT_CONVERSION = YES;
				GCC_WARN_ABOUT_RETURN_TYPE = YES_ERROR;
				GCC_WARN_UNDECLARED_SELECTOR = YES;
				GCC_WARN_UNINITIALIZED_AUTOS = YES_AGGRESSIVE;
				GCC_WARN_UNUSED_FUNCTION = YES;
				GCC_WARN_UNUSED_VARIABLE = YES;
				IPHONEOS_DEPLOYMENT_TARGET = 17.2;
				LOCALIZATION_PREFERS_STRING_CATALOGS = YES;
				MTL_ENABLE_DEBUG_INFO = INCLUDE_SOURCE;
				MTL_FAST_MATH = YES;
				ONLY_ACTIVE_ARCH = YES;
				SDKROOT = iphoneos;
				SWIFT_ACTIVE_COMPILATION_CONDITIONS = "DEBUG $(inherited)";
				SWIFT_OPTIMIZATION_LEVEL = "-Onone";
			};
			name = Debug;
		};
		3F70EBF62BC8C52000A0DD79 /* Release */ = {
			isa = XCBuildConfiguration;
			buildSettings = {
				ALWAYS_SEARCH_USER_PATHS = NO;
				ASSETCATALOG_COMPILER_GENERATE_SWIFT_ASSET_SYMBOL_EXTENSIONS = YES;
				CLANG_ANALYZER_NONNULL = YES;
				CLANG_ANALYZER_NUMBER_OBJECT_CONVERSION = YES_AGGRESSIVE;
				CLANG_CXX_LANGUAGE_STANDARD = "gnu++20";
				CLANG_ENABLE_MODULES = YES;
				CLANG_ENABLE_OBJC_ARC = YES;
				CLANG_ENABLE_OBJC_WEAK = YES;
				CLANG_WARN_BLOCK_CAPTURE_AUTORELEASING = YES;
				CLANG_WARN_BOOL_CONVERSION = YES;
				CLANG_WARN_COMMA = YES;
				CLANG_WARN_CONSTANT_CONVERSION = YES;
				CLANG_WARN_DEPRECATED_OBJC_IMPLEMENTATIONS = YES;
				CLANG_WARN_DIRECT_OBJC_ISA_USAGE = YES_ERROR;
				CLANG_WARN_DOCUMENTATION_COMMENTS = YES;
				CLANG_WARN_EMPTY_BODY = YES;
				CLANG_WARN_ENUM_CONVERSION = YES;
				CLANG_WARN_INFINITE_RECURSION = YES;
				CLANG_WARN_INT_CONVERSION = YES;
				CLANG_WARN_NON_LITERAL_NULL_CONVERSION = YES;
				CLANG_WARN_OBJC_IMPLICIT_RETAIN_SELF = YES;
				CLANG_WARN_OBJC_LITERAL_CONVERSION = YES;
				CLANG_WARN_OBJC_ROOT_CLASS = YES_ERROR;
				CLANG_WARN_QUOTED_INCLUDE_IN_FRAMEWORK_HEADER = YES;
				CLANG_WARN_RANGE_LOOP_ANALYSIS = YES;
				CLANG_WARN_STRICT_PROTOTYPES = YES;
				CLANG_WARN_SUSPICIOUS_MOVE = YES;
				CLANG_WARN_UNGUARDED_AVAILABILITY = YES_AGGRESSIVE;
				CLANG_WARN_UNREACHABLE_CODE = YES;
				CLANG_WARN__DUPLICATE_METHOD_MATCH = YES;
				COPY_PHASE_STRIP = NO;
				DEBUG_INFORMATION_FORMAT = "dwarf-with-dsym";
				ENABLE_NS_ASSERTIONS = NO;
				ENABLE_STRICT_OBJC_MSGSEND = YES;
				ENABLE_USER_SCRIPT_SANDBOXING = YES;
				GCC_C_LANGUAGE_STANDARD = gnu17;
				GCC_NO_COMMON_BLOCKS = YES;
				GCC_WARN_64_TO_32_BIT_CONVERSION = YES;
				GCC_WARN_ABOUT_RETURN_TYPE = YES_ERROR;
				GCC_WARN_UNDECLARED_SELECTOR = YES;
				GCC_WARN_UNINITIALIZED_AUTOS = YES_AGGRESSIVE;
				GCC_WARN_UNUSED_FUNCTION = YES;
				GCC_WARN_UNUSED_VARIABLE = YES;
				IPHONEOS_DEPLOYMENT_TARGET = 17.2;
				LOCALIZATION_PREFERS_STRING_CATALOGS = YES;
				MTL_ENABLE_DEBUG_INFO = NO;
				MTL_FAST_MATH = YES;
				SDKROOT = iphoneos;
				SWIFT_COMPILATION_MODE = wholemodule;
				VALIDATE_PRODUCT = YES;
			};
			name = Release;
		};
		3F70EBF82BC8C52000A0DD79 /* Debug */ = {
			isa = XCBuildConfiguration;
			buildSettings = {
				ASSETCATALOG_COMPILER_APPICON_NAME = AppIcon;
				ASSETCATALOG_COMPILER_GLOBAL_ACCENT_COLOR_NAME = AccentColor;
				CODE_SIGN_STYLE = Automatic;
				CURRENT_PROJECT_VERSION = 1;
				DEVELOPMENT_TEAM = C3CD7UMN7G;
				GENERATE_INFOPLIST_FILE = YES;
				INFOPLIST_FILE = MyMoney/Info.plist;
				INFOPLIST_KEY_UIApplicationSupportsIndirectInputEvents = YES;
				INFOPLIST_KEY_UILaunchStoryboardName = LaunchScreen;
				INFOPLIST_KEY_UIMainStoryboardFile = Main;
				INFOPLIST_KEY_UISupportedInterfaceOrientations = UIInterfaceOrientationPortrait;
				INFOPLIST_KEY_UISupportedInterfaceOrientations_iPad = "UIInterfaceOrientationLandscapeLeft UIInterfaceOrientationLandscapeRight UIInterfaceOrientationPortrait UIInterfaceOrientationPortraitUpsideDown";
				LD_RUNPATH_SEARCH_PATHS = (
					"$(inherited)",
					"@executable_path/Frameworks",
				);
				MARKETING_VERSION = 1.0;
				PRODUCT_BUNDLE_IDENTIFIER = Chonlasit.MyMoney;
				PRODUCT_NAME = "$(TARGET_NAME)";
				SUPPORTED_PLATFORMS = "iphoneos iphonesimulator";
				SUPPORTS_MACCATALYST = NO;
				SUPPORTS_MAC_DESIGNED_FOR_IPHONE_IPAD = NO;
				SWIFT_EMIT_LOC_STRINGS = YES;
				SWIFT_VERSION = 5.0;
				TARGETED_DEVICE_FAMILY = 1;
			};
			name = Debug;
		};
		3F70EBF92BC8C52000A0DD79 /* Release */ = {
			isa = XCBuildConfiguration;
			buildSettings = {
				ASSETCATALOG_COMPILER_APPICON_NAME = AppIcon;
				ASSETCATALOG_COMPILER_GLOBAL_ACCENT_COLOR_NAME = AccentColor;
				CODE_SIGN_STYLE = Automatic;
				CURRENT_PROJECT_VERSION = 1;
				DEVELOPMENT_TEAM = C3CD7UMN7G;
				GENERATE_INFOPLIST_FILE = YES;
				INFOPLIST_FILE = MyMoney/Info.plist;
				INFOPLIST_KEY_UIApplicationSupportsIndirectInputEvents = YES;
				INFOPLIST_KEY_UILaunchStoryboardName = LaunchScreen;
				INFOPLIST_KEY_UIMainStoryboardFile = Main;
				INFOPLIST_KEY_UISupportedInterfaceOrientations = UIInterfaceOrientationPortrait;
				INFOPLIST_KEY_UISupportedInterfaceOrientations_iPad = "UIInterfaceOrientationLandscapeLeft UIInterfaceOrientationLandscapeRight UIInterfaceOrientationPortrait UIInterfaceOrientationPortraitUpsideDown";
				LD_RUNPATH_SEARCH_PATHS = (
					"$(inherited)",
					"@executable_path/Frameworks",
				);
				MARKETING_VERSION = 1.0;
				PRODUCT_BUNDLE_IDENTIFIER = Chonlasit.MyMoney;
				PRODUCT_NAME = "$(TARGET_NAME)";
				SUPPORTED_PLATFORMS = "iphoneos iphonesimulator";
				SUPPORTS_MACCATALYST = NO;
				SUPPORTS_MAC_DESIGNED_FOR_IPHONE_IPAD = NO;
				SWIFT_EMIT_LOC_STRINGS = YES;
				SWIFT_VERSION = 5.0;
				TARGETED_DEVICE_FAMILY = 1;
			};
			name = Release;
		};
/* End XCBuildConfiguration section */

/* Begin XCConfigurationList section */
		3F70EBDE2BC8C51F00A0DD79 /* Build configuration list for PBXProject "MyMoney" */ = {
			isa = XCConfigurationList;
			buildConfigurations = (
				3F70EBF52BC8C52000A0DD79 /* Debug */,
				3F70EBF62BC8C52000A0DD79 /* Release */,
			);
			defaultConfigurationIsVisible = 0;
			defaultConfigurationName = Release;
		};
		3F70EBF72BC8C52000A0DD79 /* Build configuration list for PBXNativeTarget "MyMoney" */ = {
			isa = XCConfigurationList;
			buildConfigurations = (
				3F70EBF82BC8C52000A0DD79 /* Debug */,
				3F70EBF92BC8C52000A0DD79 /* Release */,
			);
			defaultConfigurationIsVisible = 0;
			defaultConfigurationName = Release;
		};
/* End XCConfigurationList section */
	};
	rootObject = 3F70EBDB2BC8C51F00A0DD79 /* Project object */;
}
